
Microsoft Visual Studio Solution File, Format Version 12.00
# Visual Studio Version 17
VisualStudioVersion = 17.5.33516.290
MinimumVisualStudioVersion = 10.0.40219.1
Project("{FAE04EC0-301F-11D3-BF4B-00C04F79EFBC}") = "Prueba", "Prueba.csproj", "{4298E607-22B4-461B-9F84-10E96B75484C}"
EndProject
Global
	GlobalSection(SolutionConfigurationPlatforms) = preSolution
		Debug|Any CPU = Debug|Any CPU
		Release|Any CPU = Release|Any CPU
	EndGlobalSection
	GlobalSection(ProjectConfigurationPlatforms) = postSolution
		{4298E607-22B4-461B-9F84-10E96B75484C}.Debug|Any CPU.ActiveCfg = Debug|Any CPU
		{4298E607-22B4-461B-9F84-10E96B75484C}.Debug|Any CPU.Build.0 = Debug|Any CPU
		{4298E607-22B4-461B-9F84-10E96B75484C}.Release|Any CPU.ActiveCfg = Release|Any CPU
		{4298E607-22B4-461B-9F84-10E96B75484C}.Release|Any CPU.Build.0 = Release|Any CPU
	EndGlobalSection
	GlobalSection(SolutionProperties) = preSolution
		HideSolutionNode = FALSE
	EndGlobalSection
	GlobalSection(ExtensibilityGlobals) = postSolution
		SolutionGuid = {3A9D08FD-F86E-46E0-B35E-AD0E47D8D819}
	EndGlobalSection
EndGlobal
